
Microsoft Visual Studio Solution File, Format Version 12.00
# Visual Studio Version 17
VisualStudioVersion = 17.14.36603.0
MinimumVisualStudioVersion = 10.0.40219.1
Project("{FAE04EC0-301F-11D3-BF4B-00C04F79EFBC}") = "Estudiantes", "Estudiantes\Estudiantes.csproj", "{706C4688-776F-4206-AF0E-1467427F251F}"
EndProject
Project("{FAE04EC0-301F-11D3-BF4B-00C04F79EFBC}") = "Data", "Data\Data.csproj", "{C0EBD224-511E-4041-98F8-2131A28FB59B}"
EndProject
Project("{FAE04EC0-301F-11D3-BF4B-00C04F79EFBC}") = "Logica", "Logica\Logica.csproj", "{3E848C97-EBA9-483D-9C58-2ECC153FBC49}"
EndProject
Global
	GlobalSection(SolutionConfigurationPlatforms) = preSolution
		Debug|Any CPU = Debug|Any CPU
		Release|Any CPU = Release|Any CPU
	EndGlobalSection
	GlobalSection(ProjectConfigurationPlatforms) = postSolution
		{706C4688-776F-4206-AF0E-1467427F251F}.Debug|Any CPU.ActiveCfg = Debug|Any CPU
		{706C4688-776F-4206-AF0E-1467427F251F}.Debug|Any CPU.Build.0 = Debug|Any CPU
		{706C4688-776F-4206-AF0E-1467427F251F}.Release|Any CPU.ActiveCfg = Release|Any CPU
		{706C4688-776F-4206-AF0E-1467427F251F}.Release|Any CPU.Build.0 = Release|Any CPU
		{C0EBD224-511E-4041-98F8-2131A28FB59B}.Debug|Any CPU.ActiveCfg = Debug|Any CPU
		{C0EBD224-511E-4041-98F8-2131A28FB59B}.Debug|Any CPU.Build.0 = Debug|Any CPU
		{C0EBD224-511E-4041-98F8-2131A28FB59B}.Release|Any CPU.ActiveCfg = Release|Any CPU
		{C0EBD224-511E-4041-98F8-2131A28FB59B}.Release|Any CPU.Build.0 = Release|Any CPU
		{3E848C97-EBA9-483D-9C58-2ECC153FBC49}.Debug|Any CPU.ActiveCfg = Debug|Any CPU
		{3E848C97-EBA9-483D-9C58-2ECC153FBC49}.Debug|Any CPU.Build.0 = Debug|Any CPU
		{3E848C97-EBA9-483D-9C58-2ECC153FBC49}.Release|Any CPU.ActiveCfg = Release|Any CPU
		{3E848C97-EBA9-483D-9C58-2ECC153FBC49}.Release|Any CPU.Build.0 = Release|Any CPU
	EndGlobalSection
	GlobalSection(SolutionProperties) = preSolution
		HideSolutionNode = FALSE
	EndGlobalSection
	GlobalSection(ExtensibilityGlobals) = postSolution
		SolutionGuid = {0A70A052-208D-4398-B566-EB82C08F7946}
	EndGlobalSection
EndGlobal
